{"is_source_file": false, "format": "", "description": "", "external_files": [], "external_methods": [], "published": [], "classes": [], "methods": [], "calls": [], "search-terms": [], "state": 2, "file_id": 31, "knowledge_revision": 91, "git_revision": "72a23a436780bde4f365c5485e76884b773e1c39", "hash": "e9b4c3b42cef0193b7fddb548d37e652", "format-version": 4, "code-base-name": "default", "filename": "communityconnect_hub/post_process_status.lock", "revision_history": [{"91": "72a23a436780bde4f365c5485e76884b773e1c39"}]}